PODS:
  - KwiksSystemsAlerts (0.2.0)

DEPENDENCIES:
  - KwiksSystemsAlerts (from `../`)

EXTERNAL SOURCES:
  KwiksSystemsAlerts:
    :path: "../"

SPEC CHECKSUMS:
  KwiksSystemsAlerts: 30052fbffb1e9ba62829909b3eaab88a2180cf19

PODFILE CHECKSUM: 7146e32233b27d328555dd860ed7fb371486bc05

COCOAPODS: 1.13.0
